// !$*UTF8*$!
{
	archiveVersion = 1;
	classes = {
	};
	objectVersion = 56;
	objects = {

/* Begin PBXBuildFile section */
		C78E11A829DA50E200027607 /* AppDelegate.swift in Sources */ = {isa = PBXBuildFile; fileRef = C78E11A729DA50E200027607 /* AppDelegate.swift */; };
		C78E11AA29DA50E200027607 /* SceneDelegate.swift in Sources */ = {isa = PBXBuildFile; fileRef = C78E11A929DA50E200027607 /* SceneDelegate.swift */; };
		C78E11AC29DA50E200027607 /* ViewController.swift in Sources */ = {isa = PBXBuildFile; fileRef = C78E11AB29DA50E200027607 /* ViewController.swift */; };
		C78E11AF29DA50E200027607 /* Main.storyboard in Resources */ = {isa = PBXBuildFile; fileRef = C78E11AD29DA50E200027607 /* Main.storyboard */; };
		C78E11B129DA50E400027607 /* Assets.xcassets in Resources */ = {isa = PBXBuildFile; fileRef = C78E11B029DA50E400027607 /* Assets.xcassets */; };
		C78E11B429DA50E400027607 /* LaunchScreen.storyboard in Resources */ = {isa = PBXBuildFile; fileRef = C78E11B229DA50E400027607 /* LaunchScreen.storyboard */; };
		C78E11C029DA607000027607 /* multi.jpg in Resources */ = {isa = PBXBuildFile; fileRef = C78E11BF29DA607000027607 /* multi.jpg */; };
		C78E11C229DA607500027607 /* single.jpg in Resources */ = {isa = PBXBuildFile; fileRef = C78E11C129DA607500027607 /* single.jpg */; };
/* End PBXBuildFile section */

/* Begin PBXFileReference section */
		C78E11A429DA50E200027607 /* FacialRecognitionApp.app */ = {isa = PBXFileReference; explicitFileType = wrapper.application; includeInIndex = 0; path = FacialRecognitionApp.app; sourceTree = BUILT_PRODUCTS_DIR; };
		C78E11A729DA50E200027607 /* AppDelegate.swift */ = {isa = PBXFileReference; lastKnownFileType = sourcecode.swift; path = AppDelegate.swift; sourceTree = "<group>"; };
		C78E11A929DA50E200027607 /* SceneDelegate.swift */ = {isa = PBXFileReference; lastKnownFileType = sourcecode.swift; path = SceneDelegate.swift; sourceTree = "<group>"; };
		C78E11AB29DA50E200027607 /* ViewController.swift */ = {isa = PBXFileReference; lastKnownFileType = sourcecode.swift; path = ViewController.swift; sourceTree = "<group>"; };
		C78E11AE29DA50E200027607 /* Base */ = {isa = PBXFileReference; lastKnownFileType = file.storyboard; name = Base; path = Base.lproj/Main.storyboard; sourceTree = "<group>"; };
		C78E11B029DA50E400027607 /* Assets.xcassets */ = {isa = PBXFileReference; lastKnownFileType = folder.assetcatalog; path = Assets.xcassets; sourceTree = "<group>"; };
		C78E11B329DA50E400027607 /* Base */ = {isa = PBXFileReference; lastKnownFileType = file.storyboard; name = Base; path = Base.lproj/LaunchScreen.storyboard; sourceTree = "<group>"; };
		C78E11B529DA50E400027607 /* Info.plist */ = {isa = PBXFileReference; lastKnownFileType = text.plist.xml; path = Info.plist; sourceTree = "<group>"; };
		C78E11BF29DA607000027607 /* multi.jpg */ = {isa = PBXFileReference; lastKnownFileType = image.jpeg; path = multi.jpg; sourceTree = "<group>"; };
		C78E11C129DA607500027607 /* single.jpg */ = {isa = PBXFileReference; lastKnownFileType = image.jpeg; path = single.jpg; sourceTree = "<group>"; };
/* End PBXFileReference section */

/* Begin PBXFrameworksBuildPhase section */
		C78E11A129DA50E200027607 /* Frameworks */ = {
			isa = PBXFrameworksBuildPhase;
			buildActionMask = 2147483647;
			files = (
			);
			runOnlyForDeploymentPostprocessing = 0;
		};
/* End PBXFrameworksBuildPhase section */

/* Begin PBXGroup section */
		C78E119B29DA50E200027607 = {
			isa = PBXGroup;
			children = (
				C78E11A629DA50E200027607 /* FacialRecognitionApp */,
				C78E11A529DA50E200027607 /* Products */,
			);
			sourceTree = "<group>";
		};
		C78E11A529DA50E200027607 /* Products */ = {
			isa = PBXGroup;
			children = (
				C78E11A429DA50E200027607 /* FacialRecognitionApp.app */,
			);
			name = Products;
			sourceTree = "<group>";
		};
		C78E11A629DA50E200027607 /* FacialRecognitionApp */ = {
			isa = PBXGroup;
			children = (
				C78E11A729DA50E200027607 /* AppDelegate.swift */,
				C78E11A929DA50E200027607 /* SceneDelegate.swift */,
				C78E11AB29DA50E200027607 /* ViewController.swift */,
				C78E11AD29DA50E200027607 /* Main.storyboard */,
				C78E11B029DA50E400027607 /* Assets.xcassets */,
				C78E11B229DA50E400027607 /* LaunchScreen.storyboard */,
				C78E11B529DA50E400027607 /* Info.plist */,
				C78E11BF29DA607000027607 /* multi.jpg */,
				C78E11C129DA607500027607 /* single.jpg */,
			);
			path = FacialRecognitionApp;
			sourceTree = "<group>";
		};
/* End PBXGroup section */

/* Begin PBXNativeTarget section */
		C78E11A329DA50E200027607 /* FacialRecognitionApp */ = {
			isa = PBXNativeTarget;
			buildConfigurationList = C78E11B829DA50E400027607 /* Build configuration list for PBXNativeTarget "FacialRecognitionApp" */;
			buildPhases = (
				C78E11A029DA50E200027607 /* Sources */,
				C78E11A129DA50E200027607 /* Frameworks */,
				C78E11A229DA50E200027607 /* Resources */,
			);
			buildRules = (
			);
			dependencies = (
			);
			name = FacialRecognitionApp;
			productName = FacialRecognitionApp;
			productReference = C78E11A429DA50E200027607 /* FacialRecognitionApp.app */;
			productType = "com.apple.product-type.application";
		};
/* End PBXNativeTarget section */

/* Begin PBXProject section */
		C78E119C29DA50E200027607 /* Project object */ = {
			isa = PBXProject;
			attributes = {
				BuildIndependentTargetsInParallel = 1;
				LastSwiftUpdateCheck = 1400;
				LastUpgradeCheck = 1400;
				TargetAttributes = {
					C78E11A329DA50E200027607 = {
						CreatedOnToolsVersion = 14.0;
					};
				};
			};
			buildConfigurationList = C78E119F29DA50E200027607 /* Build configuration list for PBXProject "FacialRecognitionApp" */;
			compatibilityVersion = "Xcode 14.0";
			developmentRegion = en;
			hasScannedForEncodings = 0;
			knownRegions = (
				en,
				Base,
			);
			mainGroup = C78E119B29DA50E200027607;
			productRefGroup = C78E11A529DA50E200027607 /* Products */;
			projectDirPath = "";
			projectRoot = "";
			targets = (
				C78E11A329DA50E200027607 /* FacialRecognitionApp */,
			);
		};
/* End PBXProject section */

/* Begin PBXResourcesBuildPhase section */
		C78E11A229DA50E200027607 /* Resources */ = {
			isa = PBXResourcesBuildPhase;
			buildActionMask = 2147483647;
			files = (
				C78E11B429DA50E400027607 /* LaunchScreen.storyboard in Resources */,
				C78E11B129DA50E400027607 /* Assets.xcassets in Resources */,
				C78E11AF29DA50E200027607 /* Main.storyboard in Resources */,
				C78E11C229DA607500027607 /* single.jpg in Resources */,
				C78E11C029DA607000027607 /* multi.jpg in Resources */,
			);
			runOnlyForDeploymentPostprocessing = 0;
		};
/* End PBXResourcesBuildPhase section */

/* Begin PBXSourcesBuildPhase section */
		C78E11A029DA50E200027607 /* Sources */ = {
			isa = PBXSourcesBuildPhase;
			buildActionMask = 2147483647;
			files = (
				C78E11AC29DA50E200027607 /* ViewController.swift in Sources */,
				C78E11A829DA50E200027607 /* AppDelegate.swift in Sources */,
				C78E11AA29DA50E200027607 /* SceneDelegate.swift in Sources */,
			);
			runOnlyForDeploymentPostprocessing = 0;
		};
/* End PBXSourcesBuildPhase section */

/* Begin PBXVariantGroup section */
		C78E11AD29DA50E200027607 /* Main.storyboard */ = {
			isa = PBXVariantGroup;
			children = (
				C78E11AE29DA50E200027607 /* Base */,
			);
			name = Main.storyboard;
			sourceTree = "<group>";
		};
		C78E11B229DA50E400027607 /* LaunchScreen.storyboard */ = {
			isa = PBXVariantGroup;
			children = (
				C78E11B329DA50E400027607 /* Base */,
			);
			name = LaunchScreen.storyboard;
			sourceTree = "<group>";
		};
/* End PBXVariantGroup section */

/* Begin XCBuildConfiguration section */
		C78E11B629DA50E400027607 /* Debug */ = {
			isa = XCBuildConfiguration;
			buildSettings = {
				ALWAYS_SEARCH_USER_PATHS = NO;
				CLANG_ANALYZER_NONNULL = YES;
				CLANG_ANALYZER_NUMBER_OBJECT_CONVERSION = YES_AGGRESSIVE;
				CLANG_CXX_LANGUAGE_STANDARD = "gnu++20";
				CLANG_ENABLE_MODULES = YES;
				CLANG_ENABLE_OBJC_ARC = YES;
				CLANG_ENABLE_OBJC_WEAK = YES;
				CLANG_WARN_BLOCK_CAPTURE_AUTORELEASING = YES;
				CLANG_WARN_BOOL_CONVERSION = YES;
				CLANG_WARN_COMMA = YES;
				CLANG_WARN_CONSTANT_CONVERSION = YES;
				CLANG_WARN_DEPRECATED_OBJC_IMPLEMENTATIONS = YES;
				CLANG_WARN_DIRECT_OBJC_ISA_USAGE = YES_ERROR;
				CLANG_WARN_DOCUMENTATION_COMMENTS = YES;
				CLANG_WARN_EMPTY_BODY = YES;
				CLANG_WARN_ENUM_CONVERSION = YES;
				CLANG_WARN_INFINITE_RECURSION = YES;
				CLANG_WARN_INT_CONVERSION = YES;
				CLANG_WARN_NON_LITERAL_NULL_CONVERSION = YES;
				CLANG_WARN_OBJC_IMPLICIT_RETAIN_SELF = YES;
				CLANG_WARN_OBJC_LITERAL_CONVERSION = YES;
				CLANG_WARN_OBJC_ROOT_CLASS = YES_ERROR;
				CLANG_WARN_QUOTED_INCLUDE_IN_FRAMEWORK_HEADER = YES;
				CLANG_WARN_RANGE_LOOP_ANALYSIS = YES;
				CLANG_WARN_STRICT_PROTOTYPES = YES;
				CLANG_WARN_SUSPICIOUS_MOVE = YES;
				CLANG_WARN_UNGUARDED_AVAILABILITY = YES_AGGRESSIVE;
				CLANG_WARN_UNREACHABLE_CODE = YES;
				CLANG_WARN__DUPLICATE_METHOD_MATCH = YES;
				COPY_PHASE_STRIP = NO;
				DEBUG_INFORMATION_FORMAT = dwarf;
				ENABLE_STRICT_OBJC_MSGSEND = YES;
				ENABLE_TESTABILITY = YES;
				GCC_C_LANGUAGE_STANDARD = gnu11;
				GCC_DYNAMIC_NO_PIC = NO;
				GCC_NO_COMMON_BLOCKS = YES;
				GCC_OPTIMIZATION_LEVEL = 0;
				GCC_PREPROCESSOR_DEFINITIONS = (
					"DEBUG=1",
					"$(inherited)",
				);
				GCC_WARN_64_TO_32_BIT_CONVERSION = YES;
				GCC_WARN_ABOUT_RETURN_TYPE = YES_ERROR;
				GCC_WARN_UNDECLARED_SELECTOR = YES;
				GCC_WARN_UNINITIALIZED_AUTOS = YES_AGGRESSIVE;
				GCC_WARN_UNUSED_FUNCTION = YES;
				GCC_WARN_UNUSED_VARIABLE = YES;
				IPHONEOS_DEPLOYMENT_TARGET = 16.0;
				MTL_ENABLE_DEBUG_INFO = INCLUDE_SOURCE;
				MTL_FAST_MATH = YES;
				ONLY_ACTIVE_ARCH = YES;
				SDKROOT = iphoneos;
				SWIFT_ACTIVE_COMPILATION_CONDITIONS = DEBUG;
				SWIFT_OPTIMIZATION_LEVEL = "-Onone";
			};
			name = Debug;
		};
		C78E11B729DA50E400027607 /* Release */ = {
			isa = XCBuildConfiguration;
			buildSettings = {
				ALWAYS_SEARCH_USER_PATHS = NO;
				CLANG_ANALYZER_NONNULL = YES;
				CLANG_ANALYZER_NUMBER_OBJECT_CONVERSION = YES_AGGRESSIVE;
				CLANG_CXX_LANGUAGE_STANDARD = "gnu++20";
				CLANG_ENABLE_MODULES = YES;
				CLANG_ENABLE_OBJC_ARC = YES;
				CLANG_ENABLE_OBJC_WEAK = YES;
				CLANG_WARN_BLOCK_CAPTURE_AUTORELEASING = YES;
				CLANG_WARN_BOOL_CONVERSION = YES;
				CLANG_WARN_COMMA = YES;
				CLANG_WARN_CONSTANT_CONVERSION = YES;
				CLANG_WARN_DEPRECATED_OBJC_IMPLEMENTATIONS = YES;
				CLANG_WARN_DIRECT_OBJC_ISA_USAGE = YES_ERROR;
				CLANG_WARN_DOCUMENTATION_COMMENTS = YES;
				CLANG_WARN_EMPTY_BODY = YES;
				CLANG_WARN_ENUM_CONVERSION = YES;
				CLANG_WARN_INFINITE_RECURSION = YES;
				CLANG_WARN_INT_CONVERSION = YES;
				CLANG_WARN_NON_LITERAL_NULL_CONVERSION = YES;
				CLANG_WARN_OBJC_IMPLICIT_RETAIN_SELF = YES;
				CLANG_WARN_OBJC_LITERAL_CONVERSION = YES;
				CLANG_WARN_OBJC_ROOT_CLASS = YES_ERROR;
				CLANG_WARN_QUOTED_INCLUDE_IN_FRAMEWORK_HEADER = YES;
				CLANG_WARN_RANGE_LOOP_ANALYSIS = YES;
				CLANG_WARN_STRICT_PROTOTYPES = YES;
				CLANG_WARN_SUSPICIOUS_MOVE = YES;
				CLANG_WARN_UNGUARDED_AVAILABILITY = YES_AGGRESSIVE;
				CLANG_WARN_UNREACHABLE_CODE = YES;
				CLANG_WARN__DUPLICATE_METHOD_MATCH = YES;
				COPY_PHASE_STRIP = NO;
				DEBUG_INFORMATION_FORMAT = "dwarf-with-dsym";
				ENABLE_NS_ASSERTIONS = NO;
				ENABLE_STRICT_OBJC_MSGSEND = YES;
				GCC_C_LANGUAGE_STANDARD = gnu11;
				GCC_NO_COMMON_BLOCKS = YES;
				GCC_WARN_64_TO_32_BIT_CONVERSION = YES;
				GCC_WARN_ABOUT_RETURN_TYPE = YES_ERROR;
				GCC_WARN_UNDECLARED_SELECTOR = YES;
				GCC_WARN_UNINITIALIZED_AUTOS = YES_AGGRESSIVE;
				GCC_WARN_UNUSED_FUNCTION = YES;
				GCC_WARN_UNUSED_VARIABLE = YES;
				IPHONEOS_DEPLOYMENT_TARGET = 16.0;
				MTL_ENABLE_DEBUG_INFO = NO;
				MTL_FAST_MATH = YES;
				SDKROOT = iphoneos;
				SWIFT_COMPILATION_MODE = wholemodule;
				SWIFT_OPTIMIZATION_LEVEL = "-O";
				VALIDATE_PRODUCT = YES;
			};
			name = Release;
		};
		C78E11B929DA50E400027607 /* Debug */ = {
			isa = XCBuildConfiguration;
			buildSettings = {
				ASSETCATALOG_COMPILER_APPICON_NAME = AppIcon;
				ASSETCATALOG_COMPILER_GLOBAL_ACCENT_COLOR_NAME = AccentColor;
				CODE_SIGN_STYLE = Automatic;
				CURRENT_PROJECT_VERSION = 1;
				DEVELOPMENT_TEAM = 694X92YAYR;
				GENERATE_INFOPLIST_FILE = YES;
				INFOPLIST_FILE = FacialRecognitionApp/Info.plist;
				INFOPLIST_KEY_UIApplicationSupportsIndirectInputEvents = YES;
				INFOPLIST_KEY_UILaunchStoryboardName = LaunchScreen;
				INFOPLIST_KEY_UIMainStoryboardFile = Main;
				INFOPLIST_KEY_UISupportedInterfaceOrientations_iPad = "UIInterfaceOrientationPortrait UIInterfaceOrientationPortraitUpsideDown UIInterfaceOrientationLandscapeLeft UIInterfaceOrientationLandscapeRight";
				INFOPLIST_KEY_UISupportedInterfaceOrientations_iPhone = "UIInterfaceOrientationPortrait UIInterfaceOrientationLandscapeLeft UIInterfaceOrientationLandscapeRight";
				LD_RUNPATH_SEARCH_PATHS = (
					"$(inherited)",
					"@executable_path/Frameworks",
				);
				MARKETING_VERSION = 1.0;
				PRODUCT_BUNDLE_IDENTIFIER = ca.centennialcollege.FacialRecognitionApp;
				PRODUCT_NAME = "$(TARGET_NAME)";
				SWIFT_EMIT_LOC_STRINGS = YES;
				SWIFT_VERSION = 5.0;
				TARGETED_DEVICE_FAMILY = "1,2";
			};
			name = Debug;
		};
		C78E11BA29DA50E400027607 /* Release */ = {
			isa = XCBuildConfiguration;
			buildSettings = {
				ASSETCATALOG_COMPILER_APPICON_NAME = AppIcon;
				ASSETCATALOG_COMPILER_GLOBAL_ACCENT_COLOR_NAME = AccentColor;
				CODE_SIGN_STYLE = Automatic;
				CURRENT_PROJECT_VERSION = 1;
				DEVELOPMENT_TEAM = 694X92YAYR;
				GENERATE_INFOPLIST_FILE = YES;
				INFOPLIST_FILE = FacialRecognitionApp/Info.plist;
				INFOPLIST_KEY_UIApplicationSupportsIndirectInputEvents = YES;
				INFOPLIST_KEY_UILaunchStoryboardName = LaunchScreen;
				INFOPLIST_KEY_UIMainStoryboardFile = Main;
				INFOPLIST_KEY_UISupportedInterfaceOrientations_iPad = "UIInterfaceOrientationPortrait UIInterfaceOrientationPortraitUpsideDown UIInterfaceOrientationLandscapeLeft UIInterfaceOrientationLandscapeRight";
				INFOPLIST_KEY_UISupportedInterfaceOrientations_iPhone = "UIInterfaceOrientationPortrait UIInterfaceOrientationLandscapeLeft UIInterfaceOrientationLandscapeRight";
				LD_RUNPATH_SEARCH_PATHS = (
					"$(inherited)",
					"@executable_path/Frameworks",
				);
				MARKETING_VERSION = 1.0;
				PRODUCT_BUNDLE_IDENTIFIER = ca.centennialcollege.FacialRecognitionApp;
				PRODUCT_NAME = "$(TARGET_NAME)";
				SWIFT_EMIT_LOC_STRINGS = YES;
				SWIFT_VERSION = 5.0;
				TARGETED_DEVICE_FAMILY = "1,2";
			};
			name = Release;
		};
/* End XCBuildConfiguration section */

/* Begin XCConfigurationList section */
		C78E119F29DA50E200027607 /* Build configuration list for PBXProject "FacialRecognitionApp" */ = {
			isa = XCConfigurationList;
			buildConfigurations = (
				C78E11B629DA50E400027607 /* Debug */,
				C78E11B729DA50E400027607 /* Release */,
			);
			defaultConfigurationIsVisible = 0;
			defaultConfigurationName = Release;
		};
		C78E11B829DA50E400027607 /* Build configuration list for PBXNativeTarget "FacialRecognitionApp" */ = {
			isa = XCConfigurationList;
			buildConfigurations = (
				C78E11B929DA50E400027607 /* Debug */,
				C78E11BA29DA50E400027607 /* Release */,
			);
			defaultConfigurationIsVisible = 0;
			defaultConfigurationName = Release;
		};
/* End XCConfigurationList section */
	};
	rootObject = C78E119C29DA50E200027607 /* Project object */;
}
